// !$*UTF8*$!
{
	archiveVersion = 1;
	classes = {
	};
	objectVersion = 56;
	objects = {

/* Begin PBXBuildFile section */
		DD88823D2A2E22FA00FA3C2E /* AppDelegate.swift in Sources */ = {isa = PBXBuildFile; fileRef = DD88823C2A2E22FA00FA3C2E /* AppDelegate.swift */; };
		DD88823F2A2E22FA00FA3C2E /* SceneDelegate.swift in Sources */ = {isa = PBXBuildFile; fileRef = DD88823E2A2E22FA00FA3C2E /* SceneDelegate.swift */; };
		DD8882412A2E22FA00FA3C2E /* TestViewController.swift in Sources */ = {isa = PBXBuildFile; fileRef = DD8882402A2E22FA00FA3C2E /* TestViewController.swift */; };
		DD8882442A2E22FA00FA3C2E /* Main.storyboard in Resources */ = {isa = PBXBuildFile; fileRef = DD8882422A2E22FA00FA3C2E /* Main.storyboard */; };
		DD8882462A2E22FE00FA3C2E /* Assets.xcassets in Resources */ = {isa = PBXBuildFile; fileRef = DD8882452A2E22FE00FA3C2E /* Assets.xcassets */; };
		DD8882492A2E22FE00FA3C2E /* LaunchScreen.storyboard in Resources */ = {isa = PBXBuildFile; fileRef = DD8882472A2E22FE00FA3C2E /* LaunchScreen.storyboard */; };
		DD8882512A2E236600FA3C2E /* BinarySearch.swift in Sources */ = {isa = PBXBuildFile; fileRef = DD8882502A2E236600FA3C2E /* BinarySearch.swift */; };
		DD8AC33B2A586B470074BB43 /* Higher order functions.swift in Sources */ = {isa = PBXBuildFile; fileRef = DD8AC33A2A586B470074BB43 /* Higher order functions.swift */; };
		DD8AC33D2A586BAC0074BB43 /* While.swift in Sources */ = {isa = PBXBuildFile; fileRef = DD8AC33C2A586BAC0074BB43 /* While.swift */; };
		DD8AC33F2A586BB60074BB43 /* For-in.swift in Sources */ = {isa = PBXBuildFile; fileRef = DD8AC33E2A586BB60074BB43 /* For-in.swift */; };
		DD8CBCF42AB6846800F73C0B /* 344. Reverse String. LeetCode.swift in Sources */ = {isa = PBXBuildFile; fileRef = DD8CBCF32AB6846800F73C0B /* 344. Reverse String. LeetCode.swift */; };
		DD8F09D62AAAA786007CAD35 /* FinalValueAfterOperationLeetCode.swift in Sources */ = {isa = PBXBuildFile; fileRef = DD8F09D52AAAA786007CAD35 /* FinalValueAfterOperationLeetCode.swift */; };
		DD8F95F82AB7D653008FDADF /* 2278. Percentage of Letter in String. LeetCode.swift in Sources */ = {isa = PBXBuildFile; fileRef = DD8F95F72AB7D653008FDADF /* 2278. Percentage of Letter in String. LeetCode.swift */; };
		DD8FECB22AB13CDF00676CAE /* 2315. Count Asterisks. LeetCode.swift in Sources */ = {isa = PBXBuildFile; fileRef = DD8FECB12AB13CDF00676CAE /* 2315. Count Asterisks. LeetCode.swift */; };
		DD8FECB82AB1472800676CAE /* Two Pointers.swift in Sources */ = {isa = PBXBuildFile; fileRef = DD8FECB72AB1472800676CAE /* Two Pointers.swift */; };
		DD9074422AA56921002FE9F0 /* LinkedList.swift in Sources */ = {isa = PBXBuildFile; fileRef = DD9074412AA56921002FE9F0 /* LinkedList.swift */; };
		DD9085522A30D6A300E872E7 /* TwoSumsLeetCode.swift in Sources */ = {isa = PBXBuildFile; fileRef = DD9085512A30D6A300E872E7 /* TwoSumsLeetCode.swift */; };
		DD918AD42AAD651D00AAB541 /* 1816. Truncate Sentence. LeetCode.swift in Sources */ = {isa = PBXBuildFile; fileRef = DD918AD32AAD651D00AAB541 /* 1816. Truncate Sentence. LeetCode.swift */; };
		DD918AD92AADB41500AAB541 /* 709. To Lower Case. LeetCode.swift in Sources */ = {isa = PBXBuildFile; fileRef = DD918AD82AADB41500AAB541 /* 709. To Lower Case. LeetCode.swift */; };
		DD91DCE22A4C992100FFFE3A /* Bubble sort.swift in Sources */ = {isa = PBXBuildFile; fileRef = DD91DCE12A4C992100FFFE3A /* Bubble sort.swift */; };
		DD922ECA2AB3E1C100CCB91B /* 2744. Find Maximum Number of String Pairs. LeetCode.swift in Sources */ = {isa = PBXBuildFile; fileRef = DD922EC92AB3E1C100CCB91B /* 2744. Find Maximum Number of String Pairs. LeetCode.swift */; };
		DD92C0502AB535000045155B /* 2710. Remove Trailing Zeros From a String. LeetCode.swift in Sources */ = {isa = PBXBuildFile; fileRef = DD92C04F2AB535000045155B /* 2710. Remove Trailing Zeros From a String. LeetCode.swift */; };
		DD95E1522AA6C2940088A3A8 /* isPalindromeLeetCode.swift in Sources */ = {isa = PBXBuildFile; fileRef = DD95E1512AA6C2940088A3A8 /* isPalindromeLeetCode.swift */; };
		DD9861632AAFF06A00F0B267 /* 804. Unique Morse Code Words. LeetCode.swift in Sources */ = {isa = PBXBuildFile; fileRef = DD9861622AAFF06A00F0B267 /* 804. Unique Morse Code Words. LeetCode.swift */; };
		DD99E2AF2AA9549E000643D6 /* numJewelsInStonesLeetCode.swift in Sources */ = {isa = PBXBuildFile; fileRef = DD99E2AE2AA9549E000643D6 /* numJewelsInStonesLeetCode.swift */; };
		DD9C75A72AABF7CF007F6C35 /* 1221. Split a String in Balanced Strings LeetCode.swift in Sources */ = {isa = PBXBuildFile; fileRef = DD9C75A62AABF7CF007F6C35 /* 1221. Split a String in Balanced Strings LeetCode.swift */; };
/* End PBXBuildFile section */

/* Begin PBXCopyFilesBuildPhase section */
		DD3A86D02AA416B500A97E41 /* CopyFiles */ = {
			isa = PBXCopyFilesBuildPhase;
			buildActionMask = 2147483647;
			dstPath = /usr/share/man/man1/;
			dstSubfolderSpec = 0;
			files = (
			);
			runOnlyForDeploymentPostprocessing = 1;
		};
/* End PBXCopyFilesBuildPhase section */

/* Begin PBXFileReference section */
		DD3A86D22AA416B500A97E41 /* BasicInputAlgorithms */ = {isa = PBXFileReference; explicitFileType = "compiled.mach-o.executable"; includeInIndex = 0; path = BasicInputAlgorithms; sourceTree = BUILT_PRODUCTS_DIR; };
		DD8882392A2E22FA00FA3C2E /* AlgorithmPractice.app */ = {isa = PBXFileReference; explicitFileType = wrapper.application; includeInIndex = 0; path = AlgorithmPractice.app; sourceTree = BUILT_PRODUCTS_DIR; };
		DD88823C2A2E22FA00FA3C2E /* AppDelegate.swift */ = {isa = PBXFileReference; lastKnownFileType = sourcecode.swift; path = AppDelegate.swift; sourceTree = "<group>"; };
		DD88823E2A2E22FA00FA3C2E /* SceneDelegate.swift */ = {isa = PBXFileReference; lastKnownFileType = sourcecode.swift; path = SceneDelegate.swift; sourceTree = "<group>"; };
		DD8882402A2E22FA00FA3C2E /* TestViewController.swift */ = {isa = PBXFileReference; lastKnownFileType = sourcecode.swift; path = TestViewController.swift; sourceTree = "<group>"; };
		DD8882432A2E22FA00FA3C2E /* Base */ = {isa = PBXFileReference; lastKnownFileType = file.storyboard; name = Base; path = Base.lproj/Main.storyboard; sourceTree = "<group>"; };
		DD8882452A2E22FE00FA3C2E /* Assets.xcassets */ = {isa = PBXFileReference; lastKnownFileType = folder.assetcatalog; path = Assets.xcassets; sourceTree = "<group>"; };
		DD8882482A2E22FE00FA3C2E /* Base */ = {isa = PBXFileReference; lastKnownFileType = file.storyboard; name = Base; path = Base.lproj/LaunchScreen.storyboard; sourceTree = "<group>"; };
		DD88824A2A2E22FE00FA3C2E /* Info.plist */ = {isa = PBXFileReference; lastKnownFileType = text.plist.xml; path = Info.plist; sourceTree = "<group>"; };
		DD8882502A2E236600FA3C2E /* BinarySearch.swift */ = {isa = PBXFileReference; lastKnownFileType = sourcecode.swift; path = BinarySearch.swift; sourceTree = "<group>"; };
		DD8AC33A2A586B470074BB43 /* Higher order functions.swift */ = {isa = PBXFileReference; lastKnownFileType = sourcecode.swift; path = "Higher order functions.swift"; sourceTree = "<group>"; };
		DD8AC33C2A586BAC0074BB43 /* While.swift */ = {isa = PBXFileReference; lastKnownFileType = sourcecode.swift; path = While.swift; sourceTree = "<group>"; };
		DD8AC33E2A586BB60074BB43 /* For-in.swift */ = {isa = PBXFileReference; lastKnownFileType = sourcecode.swift; path = "For-in.swift"; sourceTree = "<group>"; };
		DD8CBCF32AB6846800F73C0B /* 344. Reverse String. LeetCode.swift */ = {isa = PBXFileReference; lastKnownFileType = sourcecode.swift; path = "344. Reverse String. LeetCode.swift"; sourceTree = "<group>"; };
		DD8F09D52AAAA786007CAD35 /* FinalValueAfterOperationLeetCode.swift */ = {isa = PBXFileReference; lastKnownFileType = sourcecode.swift; path = FinalValueAfterOperationLeetCode.swift; sourceTree = "<group>"; };
		DD8F95F72AB7D653008FDADF /* 2278. Percentage of Letter in String. LeetCode.swift */ = {isa = PBXFileReference; lastKnownFileType = sourcecode.swift; path = "2278. Percentage of Letter in String. LeetCode.swift"; sourceTree = "<group>"; };
		DD8FECB12AB13CDF00676CAE /* 2315. Count Asterisks. LeetCode.swift */ = {isa = PBXFileReference; lastKnownFileType = sourcecode.swift; path = "2315. Count Asterisks. LeetCode.swift"; sourceTree = "<group>"; };
		DD8FECB72AB1472800676CAE /* Two Pointers.swift */ = {isa = PBXFileReference; lastKnownFileType = sourcecode.swift; path = "Two Pointers.swift"; sourceTree = "<group>"; };
		DD9074412AA56921002FE9F0 /* LinkedList.swift */ = {isa = PBXFileReference; lastKnownFileType = sourcecode.swift; path = LinkedList.swift; sourceTree = "<group>"; };
		DD9085512A30D6A300E872E7 /* TwoSumsLeetCode.swift */ = {isa = PBXFileReference; lastKnownFileType = sourcecode.swift; path = TwoSumsLeetCode.swift; sourceTree = "<group>"; };
		DD918AD32AAD651D00AAB541 /* 1816. Truncate Sentence. LeetCode.swift */ = {isa = PBXFileReference; lastKnownFileType = sourcecode.swift; path = "1816. Truncate Sentence. LeetCode.swift"; sourceTree = "<group>"; };
		DD918AD82AADB41500AAB541 /* 709. To Lower Case. LeetCode.swift */ = {isa = PBXFileReference; lastKnownFileType = sourcecode.swift; path = "709. To Lower Case. LeetCode.swift"; sourceTree = "<group>"; };
		DD91DCE12A4C992100FFFE3A /* Bubble sort.swift */ = {isa = PBXFileReference; lastKnownFileType = sourcecode.swift; path = "Bubble sort.swift"; sourceTree = "<group>"; };
		DD922EC92AB3E1C100CCB91B /* 2744. Find Maximum Number of String Pairs. LeetCode.swift */ = {isa = PBXFileReference; lastKnownFileType = sourcecode.swift; path = "2744. Find Maximum Number of String Pairs. LeetCode.swift"; sourceTree = "<group>"; };
		DD92C04F2AB535000045155B /* 2710. Remove Trailing Zeros From a String. LeetCode.swift */ = {isa = PBXFileReference; lastKnownFileType = sourcecode.swift; path = "2710. Remove Trailing Zeros From a String. LeetCode.swift"; sourceTree = "<group>"; };
		DD95E1512AA6C2940088A3A8 /* isPalindromeLeetCode.swift */ = {isa = PBXFileReference; lastKnownFileType = sourcecode.swift; path = isPalindromeLeetCode.swift; sourceTree = "<group>"; };
		DD9861622AAFF06A00F0B267 /* 804. Unique Morse Code Words. LeetCode.swift */ = {isa = PBXFileReference; lastKnownFileType = sourcecode.swift; path = "804. Unique Morse Code Words. LeetCode.swift"; sourceTree = "<group>"; };
		DD99E2AE2AA9549E000643D6 /* numJewelsInStonesLeetCode.swift */ = {isa = PBXFileReference; lastKnownFileType = sourcecode.swift; path = numJewelsInStonesLeetCode.swift; sourceTree = "<group>"; };
		DD9C75A62AABF7CF007F6C35 /* 1221. Split a String in Balanced Strings LeetCode.swift */ = {isa = PBXFileReference; lastKnownFileType = sourcecode.swift; path = "1221. Split a String in Balanced Strings LeetCode.swift"; sourceTree = "<group>"; };
/* End PBXFileReference section */

/* Begin PBXFrameworksBuildPhase section */
		DD3A86CF2AA416B500A97E41 /* Frameworks */ = {
			isa = PBXFrameworksBuildPhase;
			buildActionMask = 2147483647;
			files = (
			);
			runOnlyForDeploymentPostprocessing = 0;
		};
		DD8882362A2E22FA00FA3C2E /* Frameworks */ = {
			isa = PBXFrameworksBuildPhase;
			buildActionMask = 2147483647;
			files = (
			);
			runOnlyForDeploymentPostprocessing = 0;
		};
/* End PBXFrameworksBuildPhase section */

/* Begin PBXGroup section */
		DD8882302A2E22F900FA3C2E = {
			isa = PBXGroup;
			children = (
				DD88823B2A2E22FA00FA3C2E /* AlgorithmPractice */,
				DD88823A2A2E22FA00FA3C2E /* Products */,
			);
			sourceTree = "<group>";
		};
		DD88823A2A2E22FA00FA3C2E /* Products */ = {
			isa = PBXGroup;
			children = (
				DD8882392A2E22FA00FA3C2E /* AlgorithmPractice.app */,
				DD3A86D22AA416B500A97E41 /* BasicInputAlgorithms */,
			);
			name = Products;
			sourceTree = "<group>";
		};
		DD88823B2A2E22FA00FA3C2E /* AlgorithmPractice */ = {
			isa = PBXGroup;
			children = (
				DD8FECB62AB1471300676CAE /* Sorts */,
				DD918AD72AAD686400AAB541 /* LeetCode */,
				DD8FECB52AB1470500676CAE /* Algorithms */,
				DD8AC3412A586BCC0074BB43 /* Functions */,
				DD8AC3402A586BC70074BB43 /* Other */,
				DD8882402A2E22FA00FA3C2E /* TestViewController.swift */,
				DD8AC3422A586BF90074BB43 /* Homework Tasks */,
				DD88824A2A2E22FE00FA3C2E /* Info.plist */,
			);
			path = AlgorithmPractice;
			sourceTree = "<group>";
		};
		DD8AC3402A586BC70074BB43 /* Other */ = {
			isa = PBXGroup;
			children = (
				DD88823C2A2E22FA00FA3C2E /* AppDelegate.swift */,
				DD88823E2A2E22FA00FA3C2E /* SceneDelegate.swift */,
				DD8882422A2E22FA00FA3C2E /* Main.storyboard */,
				DD8882452A2E22FE00FA3C2E /* Assets.xcassets */,
				DD8882472A2E22FE00FA3C2E /* LaunchScreen.storyboard */,
			);
			path = Other;
			sourceTree = "<group>";
		};
		DD8AC3412A586BCC0074BB43 /* Functions */ = {
			isa = PBXGroup;
			children = (
			);
			path = Functions;
			sourceTree = "<group>";
		};
		DD8AC3422A586BF90074BB43 /* Homework Tasks */ = {
			isa = PBXGroup;
			children = (
				DD8AC33A2A586B470074BB43 /* Higher order functions.swift */,
				DD8AC33C2A586BAC0074BB43 /* While.swift */,
				DD8AC33E2A586BB60074BB43 /* For-in.swift */,
			);
			path = "Homework Tasks";
			sourceTree = "<group>";
		};
		DD8FECB52AB1470500676CAE /* Algorithms */ = {
			isa = PBXGroup;
			children = (
				DD8FECB72AB1472800676CAE /* Two Pointers.swift */,
				DD9074412AA56921002FE9F0 /* LinkedList.swift */,
			);
			path = Algorithms;
			sourceTree = "<group>";
		};
		DD8FECB62AB1471300676CAE /* Sorts */ = {
			isa = PBXGroup;
			children = (
				DD8882502A2E236600FA3C2E /* BinarySearch.swift */,
				DD91DCE12A4C992100FFFE3A /* Bubble sort.swift */,
			);
			path = Sorts;
			sourceTree = "<group>";
		};
		DD918AD72AAD686400AAB541 /* LeetCode */ = {
			isa = PBXGroup;
			children = (
				DD9085512A30D6A300E872E7 /* TwoSumsLeetCode.swift */,
				DD95E1512AA6C2940088A3A8 /* isPalindromeLeetCode.swift */,
				DD8FECB12AB13CDF00676CAE /* 2315. Count Asterisks. LeetCode.swift */,
				DD99E2AE2AA9549E000643D6 /* numJewelsInStonesLeetCode.swift */,
				DD9C75A62AABF7CF007F6C35 /* 1221. Split a String in Balanced Strings LeetCode.swift */,
				DD918AD32AAD651D00AAB541 /* 1816. Truncate Sentence. LeetCode.swift */,
				DD8F09D52AAAA786007CAD35 /* FinalValueAfterOperationLeetCode.swift */,
				DD918AD82AADB41500AAB541 /* 709. To Lower Case. LeetCode.swift */,
				DD9861622AAFF06A00F0B267 /* 804. Unique Morse Code Words. LeetCode.swift */,
				DD922EC92AB3E1C100CCB91B /* 2744. Find Maximum Number of String Pairs. LeetCode.swift */,
				DD92C04F2AB535000045155B /* 2710. Remove Trailing Zeros From a String. LeetCode.swift */,
				DD8CBCF32AB6846800F73C0B /* 344. Reverse String. LeetCode.swift */,
				DD8F95F72AB7D653008FDADF /* 2278. Percentage of Letter in String. LeetCode.swift */,
			);
			path = LeetCode;
			sourceTree = "<group>";
		};
/* End PBXGroup section */

/* Begin PBXNativeTarget section */
		DD3A86D12AA416B500A97E41 /* BasicInputAlgorithms */ = {
			isa = PBXNativeTarget;
			buildConfigurationList = DD3A86D82AA416B500A97E41 /* Build configuration list for PBXNativeTarget "BasicInputAlgorithms" */;
			buildPhases = (
				DD3A86CE2AA416B500A97E41 /* Sources */,
				DD3A86CF2AA416B500A97E41 /* Frameworks */,
				DD3A86D02AA416B500A97E41 /* CopyFiles */,
			);
			buildRules = (
			);
			dependencies = (
			);
			name = BasicInputAlgorithms;
			productName = BasicInputAlgorithms;
			productReference = DD3A86D22AA416B500A97E41 /* BasicInputAlgorithms */;
			productType = "com.apple.product-type.tool";
		};
		DD8882382A2E22FA00FA3C2E /* AlgorithmPractice */ = {
			isa = PBXNativeTarget;
			buildConfigurationList = DD88824D2A2E22FE00FA3C2E /* Build configuration list for PBXNativeTarget "AlgorithmPractice" */;
			buildPhases = (
				DD8882352A2E22FA00FA3C2E /* Sources */,
				DD8882362A2E22FA00FA3C2E /* Frameworks */,
				DD8882372A2E22FA00FA3C2E /* Resources */,
			);
			buildRules = (
			);
			dependencies = (
			);
			name = AlgorithmPractice;
			productName = AlgorithmPractice;
			productReference = DD8882392A2E22FA00FA3C2E /* AlgorithmPractice.app */;
			productType = "com.apple.product-type.application";
		};
/* End PBXNativeTarget section */

/* Begin PBXProject section */
		DD8882312A2E22FA00FA3C2E /* Project object */ = {
			isa = PBXProject;
			attributes = {
				BuildIndependentTargetsInParallel = 1;
				LastSwiftUpdateCheck = 1420;
				LastUpgradeCheck = 1420;
				TargetAttributes = {
					DD3A86D12AA416B500A97E41 = {
						CreatedOnToolsVersion = 14.2;
					};
					DD8882382A2E22FA00FA3C2E = {
						CreatedOnToolsVersion = 14.2;
					};
				};
			};
			buildConfigurationList = DD8882342A2E22FA00FA3C2E /* Build configuration list for PBXProject "AlgorithmPractice" */;
			compatibilityVersion = "Xcode 14.0";
			developmentRegion = en;
			hasScannedForEncodings = 0;
			knownRegions = (
				en,
				Base,
			);
			mainGroup = DD8882302A2E22F900FA3C2E;
			productRefGroup = DD88823A2A2E22FA00FA3C2E /* Products */;
			projectDirPath = "";
			projectRoot = "";
			targets = (
				DD8882382A2E22FA00FA3C2E /* AlgorithmPractice */,
				DD3A86D12AA416B500A97E41 /* BasicInputAlgorithms */,
			);
		};
/* End PBXProject section */

/* Begin PBXResourcesBuildPhase section */
		DD8882372A2E22FA00FA3C2E /* Resources */ = {
			isa = PBXResourcesBuildPhase;
			buildActionMask = 2147483647;
			files = (
				DD8882492A2E22FE00FA3C2E /* LaunchScreen.storyboard in Resources */,
				DD8882462A2E22FE00FA3C2E /* Assets.xcassets in Resources */,
				DD8882442A2E22FA00FA3C2E /* Main.storyboard in Resources */,
			);
			runOnlyForDeploymentPostprocessing = 0;
		};
/* End PBXResourcesBuildPhase section */

/* Begin PBXSourcesBuildPhase section */
		DD3A86CE2AA416B500A97E41 /* Sources */ = {
			isa = PBXSourcesBuildPhase;
			buildActionMask = 2147483647;
			files = (
			);
			runOnlyForDeploymentPostprocessing = 0;
		};
		DD8882352A2E22FA00FA3C2E /* Sources */ = {
			isa = PBXSourcesBuildPhase;
			buildActionMask = 2147483647;
			files = (
				DD99E2AF2AA9549E000643D6 /* numJewelsInStonesLeetCode.swift in Sources */,
				DD8882512A2E236600FA3C2E /* BinarySearch.swift in Sources */,
				DD8AC33B2A586B470074BB43 /* Higher order functions.swift in Sources */,
				DD9074422AA56921002FE9F0 /* LinkedList.swift in Sources */,
				DD9C75A72AABF7CF007F6C35 /* 1221. Split a String in Balanced Strings LeetCode.swift in Sources */,
				DD8CBCF42AB6846800F73C0B /* 344. Reverse String. LeetCode.swift in Sources */,
				DD922ECA2AB3E1C100CCB91B /* 2744. Find Maximum Number of String Pairs. LeetCode.swift in Sources */,
				DD918AD42AAD651D00AAB541 /* 1816. Truncate Sentence. LeetCode.swift in Sources */,
				DD8FECB22AB13CDF00676CAE /* 2315. Count Asterisks. LeetCode.swift in Sources */,
				DD92C0502AB535000045155B /* 2710. Remove Trailing Zeros From a String. LeetCode.swift in Sources */,
				DD8882412A2E22FA00FA3C2E /* TestViewController.swift in Sources */,
				DD88823D2A2E22FA00FA3C2E /* AppDelegate.swift in Sources */,
				DD88823F2A2E22FA00FA3C2E /* SceneDelegate.swift in Sources */,
				DD8AC33F2A586BB60074BB43 /* For-in.swift in Sources */,
				DD91DCE22A4C992100FFFE3A /* Bubble sort.swift in Sources */,
				DD8FECB82AB1472800676CAE /* Two Pointers.swift in Sources */,
				DD95E1522AA6C2940088A3A8 /* isPalindromeLeetCode.swift in Sources */,
				DD9861632AAFF06A00F0B267 /* 804. Unique Morse Code Words. LeetCode.swift in Sources */,
				DD9085522A30D6A300E872E7 /* TwoSumsLeetCode.swift in Sources */,
				DD8F09D62AAAA786007CAD35 /* FinalValueAfterOperationLeetCode.swift in Sources */,
				DD8F95F82AB7D653008FDADF /* 2278. Percentage of Letter in String. LeetCode.swift in Sources */,
				DD918AD92AADB41500AAB541 /* 709. To Lower Case. LeetCode.swift in Sources */,
				DD8AC33D2A586BAC0074BB43 /* While.swift in Sources */,
			);
			runOnlyForDeploymentPostprocessing = 0;
		};
/* End PBXSourcesBuildPhase section */

/* Begin PBXVariantGroup section */
		DD8882422A2E22FA00FA3C2E /* Main.storyboard */ = {
			isa = PBXVariantGroup;
			children = (
				DD8882432A2E22FA00FA3C2E /* Base */,
			);
			name = Main.storyboard;
			sourceTree = "<group>";
		};
		DD8882472A2E22FE00FA3C2E /* LaunchScreen.storyboard */ = {
			isa = PBXVariantGroup;
			children = (
				DD8882482A2E22FE00FA3C2E /* Base */,
			);
			name = LaunchScreen.storyboard;
			sourceTree = "<group>";
		};
/* End PBXVariantGroup section */

/* Begin XCBuildConfiguration section */
		DD3A86D62AA416B500A97E41 /* Debug */ = {
			isa = XCBuildConfiguration;
			buildSettings = {
				CODE_SIGN_STYLE = Automatic;
				DEVELOPMENT_TEAM = 7YW3V66545;
				ENABLE_HARDENED_RUNTIME = YES;
				MACOSX_DEPLOYMENT_TARGET = 12.6;
				PRODUCT_NAME = "$(TARGET_NAME)";
				SDKROOT = macosx;
				SWIFT_VERSION = 5.0;
			};
			name = Debug;
		};
		DD3A86D72AA416B500A97E41 /* Release */ = {
			isa = XCBuildConfiguration;
			buildSettings = {
				CODE_SIGN_STYLE = Automatic;
				DEVELOPMENT_TEAM = 7YW3V66545;
				ENABLE_HARDENED_RUNTIME = YES;
				MACOSX_DEPLOYMENT_TARGET = 12.6;
				PRODUCT_NAME = "$(TARGET_NAME)";
				SDKROOT = macosx;
				SWIFT_VERSION = 5.0;
			};
			name = Release;
		};
		DD88824B2A2E22FE00FA3C2E /* Debug */ = {
			isa = XCBuildConfiguration;
			buildSettings = {
				ALWAYS_SEARCH_USER_PATHS = NO;
				CLANG_ANALYZER_NONNULL = YES;
				CLANG_ANALYZER_NUMBER_OBJECT_CONVERSION = YES_AGGRESSIVE;
				CLANG_CXX_LANGUAGE_STANDARD = "gnu++20";
				CLANG_ENABLE_MODULES = YES;
				CLANG_ENABLE_OBJC_ARC = YES;
				CLANG_ENABLE_OBJC_WEAK = YES;
				CLANG_WARN_BLOCK_CAPTURE_AUTORELEASING = YES;
				CLANG_WARN_BOOL_CONVERSION = YES;
				CLANG_WARN_COMMA = YES;
				CLANG_WARN_CONSTANT_CONVERSION = YES;
				CLANG_WARN_DEPRECATED_OBJC_IMPLEMENTATIONS = YES;
				CLANG_WARN_DIRECT_OBJC_ISA_USAGE = YES_ERROR;
				CLANG_WARN_DOCUMENTATION_COMMENTS = YES;
				CLANG_WARN_EMPTY_BODY = YES;
				CLANG_WARN_ENUM_CONVERSION = YES;
				CLANG_WARN_INFINITE_RECURSION = YES;
				CLANG_WARN_INT_CONVERSION = YES;
				CLANG_WARN_NON_LITERAL_NULL_CONVERSION = YES;
				CLANG_WARN_OBJC_IMPLICIT_RETAIN_SELF = YES;
				CLANG_WARN_OBJC_LITERAL_CONVERSION = YES;
				CLANG_WARN_OBJC_ROOT_CLASS = YES_ERROR;
				CLANG_WARN_QUOTED_INCLUDE_IN_FRAMEWORK_HEADER = YES;
				CLANG_WARN_RANGE_LOOP_ANALYSIS = YES;
				CLANG_WARN_STRICT_PROTOTYPES = YES;
				CLANG_WARN_SUSPICIOUS_MOVE = YES;
				CLANG_WARN_UNGUARDED_AVAILABILITY = YES_AGGRESSIVE;
				CLANG_WARN_UNREACHABLE_CODE = YES;
				CLANG_WARN__DUPLICATE_METHOD_MATCH = YES;
				COPY_PHASE_STRIP = NO;
				DEBUG_INFORMATION_FORMAT = dwarf;
				ENABLE_STRICT_OBJC_MSGSEND = YES;
				ENABLE_TESTABILITY = YES;
				GCC_C_LANGUAGE_STANDARD = gnu11;
				GCC_DYNAMIC_NO_PIC = NO;
				GCC_NO_COMMON_BLOCKS = YES;
				GCC_OPTIMIZATION_LEVEL = 0;
				GCC_PREPROCESSOR_DEFINITIONS = (
					"DEBUG=1",
					"$(inherited)",
				);
				GCC_WARN_64_TO_32_BIT_CONVERSION = YES;
				GCC_WARN_ABOUT_RETURN_TYPE = YES_ERROR;
				GCC_WARN_UNDECLARED_SELECTOR = YES;
				GCC_WARN_UNINITIALIZED_AUTOS = YES_AGGRESSIVE;
				GCC_WARN_UNUSED_FUNCTION = YES;
				GCC_WARN_UNUSED_VARIABLE = YES;
				IPHONEOS_DEPLOYMENT_TARGET = 13.0;
				MTL_ENABLE_DEBUG_INFO = INCLUDE_SOURCE;
				MTL_FAST_MATH = YES;
				ONLY_ACTIVE_ARCH = YES;
				SDKROOT = iphoneos;
				SWIFT_ACTIVE_COMPILATION_CONDITIONS = DEBUG;
				SWIFT_OPTIMIZATION_LEVEL = "-Onone";
			};
			name = Debug;
		};
		DD88824C2A2E22FE00FA3C2E /* Release */ = {
			isa = XCBuildConfiguration;
			buildSettings = {
				ALWAYS_SEARCH_USER_PATHS = NO;
				CLANG_ANALYZER_NONNULL = YES;
				CLANG_ANALYZER_NUMBER_OBJECT_CONVERSION = YES_AGGRESSIVE;
				CLANG_CXX_LANGUAGE_STANDARD = "gnu++20";
				CLANG_ENABLE_MODULES = YES;
				CLANG_ENABLE_OBJC_ARC = YES;
				CLANG_ENABLE_OBJC_WEAK = YES;
				CLANG_WARN_BLOCK_CAPTURE_AUTORELEASING = YES;
				CLANG_WARN_BOOL_CONVERSION = YES;
				CLANG_WARN_COMMA = YES;
				CLANG_WARN_CONSTANT_CONVERSION = YES;
				CLANG_WARN_DEPRECATED_OBJC_IMPLEMENTATIONS = YES;
				CLANG_WARN_DIRECT_OBJC_ISA_USAGE = YES_ERROR;
				CLANG_WARN_DOCUMENTATION_COMMENTS = YES;
				CLANG_WARN_EMPTY_BODY = YES;
				CLANG_WARN_ENUM_CONVERSION = YES;
				CLANG_WARN_INFINITE_RECURSION = YES;
				CLANG_WARN_INT_CONVERSION = YES;
				CLANG_WARN_NON_LITERAL_NULL_CONVERSION = YES;
				CLANG_WARN_OBJC_IMPLICIT_RETAIN_SELF = YES;
				CLANG_WARN_OBJC_LITERAL_CONVERSION = YES;
				CLANG_WARN_OBJC_ROOT_CLASS = YES_ERROR;
				CLANG_WARN_QUOTED_INCLUDE_IN_FRAMEWORK_HEADER = YES;
				CLANG_WARN_RANGE_LOOP_ANALYSIS = YES;
				CLANG_WARN_STRICT_PROTOTYPES = YES;
				CLANG_WARN_SUSPICIOUS_MOVE = YES;
				CLANG_WARN_UNGUARDED_AVAILABILITY = YES_AGGRESSIVE;
				CLANG_WARN_UNREACHABLE_CODE = YES;
				CLANG_WARN__DUPLICATE_METHOD_MATCH = YES;
				COPY_PHASE_STRIP = NO;
				DEBUG_INFORMATION_FORMAT = "dwarf-with-dsym";
				ENABLE_NS_ASSERTIONS = NO;
				ENABLE_STRICT_OBJC_MSGSEND = YES;
				GCC_C_LANGUAGE_STANDARD = gnu11;
				GCC_NO_COMMON_BLOCKS = YES;
				GCC_WARN_64_TO_32_BIT_CONVERSION = YES;
				GCC_WARN_ABOUT_RETURN_TYPE = YES_ERROR;
				GCC_WARN_UNDECLARED_SELECTOR = YES;
				GCC_WARN_UNINITIALIZED_AUTOS = YES_AGGRESSIVE;
				GCC_WARN_UNUSED_FUNCTION = YES;
				GCC_WARN_UNUSED_VARIABLE = YES;
				IPHONEOS_DEPLOYMENT_TARGET = 13.0;
				MTL_ENABLE_DEBUG_INFO = NO;
				MTL_FAST_MATH = YES;
				SDKROOT = iphoneos;
				SWIFT_COMPILATION_MODE = wholemodule;
				SWIFT_OPTIMIZATION_LEVEL = "-O";
				VALIDATE_PRODUCT = YES;
			};
			name = Release;
		};
		DD88824E2A2E22FE00FA3C2E /* Debug */ = {
			isa = XCBuildConfiguration;
			buildSettings = {
				ASSETCATALOG_COMPILER_APPICON_NAME = AppIcon;
				ASSETCATALOG_COMPILER_GLOBAL_ACCENT_COLOR_NAME = AccentColor;
				CODE_SIGN_STYLE = Automatic;
				CURRENT_PROJECT_VERSION = 1;
				DEVELOPMENT_TEAM = 7YW3V66545;
				GENERATE_INFOPLIST_FILE = YES;
				INFOPLIST_FILE = AlgorithmPractice/Info.plist;
				INFOPLIST_KEY_UIApplicationSupportsIndirectInputEvents = YES;
				INFOPLIST_KEY_UILaunchStoryboardName = LaunchScreen;
				INFOPLIST_KEY_UIMainStoryboardFile = Main;
				INFOPLIST_KEY_UISupportedInterfaceOrientations = UIInterfaceOrientationPortrait;
				INFOPLIST_KEY_UISupportedInterfaceOrientations_iPad = "UIInterfaceOrientationLandscapeLeft UIInterfaceOrientationLandscapeRight UIInterfaceOrientationPortrait UIInterfaceOrientationPortraitUpsideDown";
				IPHONEOS_DEPLOYMENT_TARGET = 13.0;
				LD_RUNPATH_SEARCH_PATHS = (
					"$(inherited)",
					"@executable_path/Frameworks",
				);
				MARKETING_VERSION = 1.0;
				PRODUCT_BUNDLE_IDENTIFIER = Hieronius.AlgorithmPractice;
				PRODUCT_NAME = "$(TARGET_NAME)";
				SUPPORTED_PLATFORMS = "iphoneos iphonesimulator";
				SUPPORTS_MACCATALYST = NO;
				SUPPORTS_MAC_DESIGNED_FOR_IPHONE_IPAD = NO;
				SWIFT_EMIT_LOC_STRINGS = YES;
				SWIFT_VERSION = 5.0;
				TARGETED_DEVICE_FAMILY = 1;
			};
			name = Debug;
		};
		DD88824F2A2E22FE00FA3C2E /* Release */ = {
			isa = XCBuildConfiguration;
			buildSettings = {
				ASSETCATALOG_COMPILER_APPICON_NAME = AppIcon;
				ASSETCATALOG_COMPILER_GLOBAL_ACCENT_COLOR_NAME = AccentColor;
				CODE_SIGN_STYLE = Automatic;
				CURRENT_PROJECT_VERSION = 1;
				DEVELOPMENT_TEAM = 7YW3V66545;
				GENERATE_INFOPLIST_FILE = YES;
				INFOPLIST_FILE = AlgorithmPractice/Info.plist;
				INFOPLIST_KEY_UIApplicationSupportsIndirectInputEvents = YES;
				INFOPLIST_KEY_UILaunchStoryboardName = LaunchScreen;
				INFOPLIST_KEY_UIMainStoryboardFile = Main;
				INFOPLIST_KEY_UISupportedInterfaceOrientations = UIInterfaceOrientationPortrait;
				INFOPLIST_KEY_UISupportedInterfaceOrientations_iPad = "UIInterfaceOrientationLandscapeLeft UIInterfaceOrientationLandscapeRight UIInterfaceOrientationPortrait UIInterfaceOrientationPortraitUpsideDown";
				IPHONEOS_DEPLOYMENT_TARGET = 13.0;
				LD_RUNPATH_SEARCH_PATHS = (
					"$(inherited)",
					"@executable_path/Frameworks",
				);
				MARKETING_VERSION = 1.0;
				PRODUCT_BUNDLE_IDENTIFIER = Hieronius.AlgorithmPractice;
				PRODUCT_NAME = "$(TARGET_NAME)";
				SUPPORTED_PLATFORMS = "iphoneos iphonesimulator";
				SUPPORTS_MACCATALYST = NO;
				SUPPORTS_MAC_DESIGNED_FOR_IPHONE_IPAD = NO;
				SWIFT_EMIT_LOC_STRINGS = YES;
				SWIFT_VERSION = 5.0;
				TARGETED_DEVICE_FAMILY = 1;
			};
			name = Release;
		};
/* End XCBuildConfiguration section */

/* Begin XCConfigurationList section */
		DD3A86D82AA416B500A97E41 /* Build configuration list for PBXNativeTarget "BasicInputAlgorithms" */ = {
			isa = XCConfigurationList;
			buildConfigurations = (
				DD3A86D62AA416B500A97E41 /* Debug */,
				DD3A86D72AA416B500A97E41 /* Release */,
			);
			defaultConfigurationIsVisible = 0;
			defaultConfigurationName = Release;
		};
		DD8882342A2E22FA00FA3C2E /* Build configuration list for PBXProject "AlgorithmPractice" */ = {
			isa = XCConfigurationList;
			buildConfigurations = (
				DD88824B2A2E22FE00FA3C2E /* Debug */,
				DD88824C2A2E22FE00FA3C2E /* Release */,
			);
			defaultConfigurationIsVisible = 0;
			defaultConfigurationName = Release;
		};
		DD88824D2A2E22FE00FA3C2E /* Build configuration list for PBXNativeTarget "AlgorithmPractice" */ = {
			isa = XCConfigurationList;
			buildConfigurations = (
				DD88824E2A2E22FE00FA3C2E /* Debug */,
				DD88824F2A2E22FE00FA3C2E /* Release */,
			);
			defaultConfigurationIsVisible = 0;
			defaultConfigurationName = Release;
		};
/* End XCConfigurationList section */
	};
	rootObject = DD8882312A2E22FA00FA3C2E /* Project object */;
}
